
Microsoft Visual Studio Solution File, Format Version 12.00
Project("{FAE04EC0-301F-11D3-BF4B-00C04F79EFBC}") = "BeaconBridge", "app\BeaconBridge\BeaconBridge.csproj", "{BE99682C-98CD-46EB-B7B7-E3437F0587B1}"
EndProject
Project("{FAE04EC0-301F-11D3-BF4B-00C04F79EFBC}") = "BeaconBridge.Tests", "tests\BeaconBridge.Tests\BeaconBridge.Tests.csproj", "{7E96B240-64D2-485A-AAC8-CF03C14247CA}"
EndProject
Project("{FAE04EC0-301F-11D3-BF4B-00C04F79EFBC}") = "FiveSafes.Net.Tests", "tests\FiveSafes.Net.Tests\FiveSafes.Net.Tests.csproj", "{808FF4B6-DB5A-4501-8FE7-5EF3A6AE2D3E}"
EndProject
Project("{FAE04EC0-301F-11D3-BF4B-00C04F79EFBC}") = "FiveSafes.Net", "lib\FiveSafes.Net\FiveSafes.Net.csproj", "{C4975101-56D3-474C-BEB3-A437DE7110AF}"
EndProject
Global
	GlobalSection(SolutionConfigurationPlatforms) = preSolution
		Debug|Any CPU = Debug|Any CPU
		Release|Any CPU = Release|Any CPU
	EndGlobalSection
	GlobalSection(ProjectConfigurationPlatforms) = postSolution
		{BE99682C-98CD-46EB-B7B7-E3437F0587B1}.Debug|Any CPU.ActiveCfg = Debug|Any CPU
		{BE99682C-98CD-46EB-B7B7-E3437F0587B1}.Debug|Any CPU.Build.0 = Debug|Any CPU
		{BE99682C-98CD-46EB-B7B7-E3437F0587B1}.Release|Any CPU.ActiveCfg = Release|Any CPU
		{BE99682C-98CD-46EB-B7B7-E3437F0587B1}.Release|Any CPU.Build.0 = Release|Any CPU
		{7E96B240-64D2-485A-AAC8-CF03C14247CA}.Debug|Any CPU.ActiveCfg = Debug|Any CPU
		{7E96B240-64D2-485A-AAC8-CF03C14247CA}.Debug|Any CPU.Build.0 = Debug|Any CPU
		{7E96B240-64D2-485A-AAC8-CF03C14247CA}.Release|Any CPU.ActiveCfg = Release|Any CPU
		{7E96B240-64D2-485A-AAC8-CF03C14247CA}.Release|Any CPU.Build.0 = Release|Any CPU
		{808FF4B6-DB5A-4501-8FE7-5EF3A6AE2D3E}.Debug|Any CPU.ActiveCfg = Debug|Any CPU
		{808FF4B6-DB5A-4501-8FE7-5EF3A6AE2D3E}.Debug|Any CPU.Build.0 = Debug|Any CPU
		{808FF4B6-DB5A-4501-8FE7-5EF3A6AE2D3E}.Release|Any CPU.ActiveCfg = Release|Any CPU
		{808FF4B6-DB5A-4501-8FE7-5EF3A6AE2D3E}.Release|Any CPU.Build.0 = Release|Any CPU
		{C4975101-56D3-474C-BEB3-A437DE7110AF}.Debug|Any CPU.ActiveCfg = Debug|Any CPU
		{C4975101-56D3-474C-BEB3-A437DE7110AF}.Debug|Any CPU.Build.0 = Debug|Any CPU
		{C4975101-56D3-474C-BEB3-A437DE7110AF}.Release|Any CPU.ActiveCfg = Release|Any CPU
		{C4975101-56D3-474C-BEB3-A437DE7110AF}.Release|Any CPU.Build.0 = Release|Any CPU
	EndGlobalSection
EndGlobal
